// !$*UTF8*$!
{
	archiveVersion = 1;
	classes = {
	};
	objectVersion = 46;
	objects = {

/* Begin PBXBuildFile section */
		1083621F1B8E761F00C46765 /* AppDelegate.swift in Sources */ = {isa = PBXBuildFile; fileRef = 1083621E1B8E761F00C46765 /* AppDelegate.swift */; };
		108362211B8E761F00C46765 /* ViewController.swift in Sources */ = {isa = PBXBuildFile; fileRef = 108362201B8E761F00C46765 /* ViewController.swift */; };
		108362241B8E761F00C46765 /* Main.storyboard in Resources */ = {isa = PBXBuildFile; fileRef = 108362221B8E761F00C46765 /* Main.storyboard */; };
		108362261B8E761F00C46765 /* Assets.xcassets in Resources */ = {isa = PBXBuildFile; fileRef = 108362251B8E761F00C46765 /* Assets.xcassets */; };
		108362291B8E761F00C46765 /* LaunchScreen.storyboard in Resources */ = {isa = PBXBuildFile; fileRef = 108362271B8E761F00C46765 /* LaunchScreen.storyboard */; };
		108362341B8E835100C46765 /* RangeSlider.swift in Sources */ = {isa = PBXBuildFile; fileRef = 108362301B8E766D00C46765 /* RangeSlider.swift */; };
/* End PBXBuildFile section */

/* Begin PBXFileReference section */
		1082EA531B8E92BE007190F4 /* MyPlayground.playground */ = {isa = PBXFileReference; lastKnownFileType = file.playground; path = MyPlayground.playground; sourceTree = "<group>"; };
		1083621B1B8E761F00C46765 /* RangeSlider.app */ = {isa = PBXFileReference; explicitFileType = wrapper.application; includeInIndex = 0; path = RangeSlider.app; sourceTree = BUILT_PRODUCTS_DIR; };
		1083621E1B8E761F00C46765 /* AppDelegate.swift */ = {isa = PBXFileReference; lastKnownFileType = sourcecode.swift; path = AppDelegate.swift; sourceTree = "<group>"; };
		108362201B8E761F00C46765 /* ViewController.swift */ = {isa = PBXFileReference; lastKnownFileType = sourcecode.swift; path = ViewController.swift; sourceTree = "<group>"; };
		108362231B8E761F00C46765 /* Base */ = {isa = PBXFileReference; lastKnownFileType = file.storyboard; name = Base; path = Base.lproj/Main.storyboard; sourceTree = "<group>"; };
		108362251B8E761F00C46765 /* Assets.xcassets */ = {isa = PBXFileReference; lastKnownFileType = folder.assetcatalog; path = Assets.xcassets; sourceTree = "<group>"; };
		108362281B8E761F00C46765 /* Base */ = {isa = PBXFileReference; lastKnownFileType = file.storyboard; name = Base; path = Base.lproj/LaunchScreen.storyboard; sourceTree = "<group>"; };
		1083622A1B8E761F00C46765 /* Info.plist */ = {isa = PBXFileReference; lastKnownFileType = text.plist.xml; path = Info.plist; sourceTree = "<group>"; };
		108362301B8E766D00C46765 /* RangeSlider.swift */ = {isa = PBXFileReference; fileEncoding = 4; lastKnownFileType = sourcecode.swift; path = RangeSlider.swift; sourceTree = "<group>"; };
/* End PBXFileReference section */

/* Begin PBXFrameworksBuildPhase section */
		108362181B8E761F00C46765 /* Frameworks */ = {
			isa = PBXFrameworksBuildPhase;
			buildActionMask = 2147483647;
			files = (
			);
			runOnlyForDeploymentPostprocessing = 0;
		};
/* End PBXFrameworksBuildPhase section */

/* Begin PBXGroup section */
		108362121B8E761F00C46765 = {
			isa = PBXGroup;
			children = (
				1083621D1B8E761F00C46765 /* RangeSlider */,
				1083621C1B8E761F00C46765 /* Products */,
			);
			sourceTree = "<group>";
		};
		1083621C1B8E761F00C46765 /* Products */ = {
			isa = PBXGroup;
			children = (
				1083621B1B8E761F00C46765 /* RangeSlider.app */,
			);
			name = Products;
			sourceTree = "<group>";
		};
		1083621D1B8E761F00C46765 /* RangeSlider */ = {
			isa = PBXGroup;
			children = (
				1083621E1B8E761F00C46765 /* AppDelegate.swift */,
				108362201B8E761F00C46765 /* ViewController.swift */,
				108362221B8E761F00C46765 /* Main.storyboard */,
				108362251B8E761F00C46765 /* Assets.xcassets */,
				108362271B8E761F00C46765 /* LaunchScreen.storyboard */,
				1083622A1B8E761F00C46765 /* Info.plist */,
				108362301B8E766D00C46765 /* RangeSlider.swift */,
				1082EA531B8E92BE007190F4 /* MyPlayground.playground */,
			);
			path = RangeSlider;
			sourceTree = "<group>";
		};
/* End PBXGroup section */

/* Begin PBXNativeTarget section */
		1083621A1B8E761F00C46765 /* RangeSlider */ = {
			isa = PBXNativeTarget;
			buildConfigurationList = 1083622D1B8E761F00C46765 /* Build configuration list for PBXNativeTarget "RangeSlider" */;
			buildPhases = (
				108362171B8E761F00C46765 /* Sources */,
				108362181B8E761F00C46765 /* Frameworks */,
				108362191B8E761F00C46765 /* Resources */,
			);
			buildRules = (
			);
			dependencies = (
			);
			name = RangeSlider;
			productName = RangeSlider;
			productReference = 1083621B1B8E761F00C46765 /* RangeSlider.app */;
			productType = "com.apple.product-type.application";
		};
/* End PBXNativeTarget section */

/* Begin PBXProject section */
		108362131B8E761F00C46765 /* Project object */ = {
			isa = PBXProject;
			attributes = {
				LastUpgradeCheck = 0700;
				ORGANIZATIONNAME = "Li Ge";
				TargetAttributes = {
					1083621A1B8E761F00C46765 = {
						CreatedOnToolsVersion = 7.0;
					};
				};
			};
			buildConfigurationList = 108362161B8E761F00C46765 /* Build configuration list for PBXProject "RangeSlider" */;
			compatibilityVersion = "Xcode 3.2";
			developmentRegion = English;
			hasScannedForEncodings = 0;
			knownRegions = (
				en,
				Base,
			);
			mainGroup = 108362121B8E761F00C46765;
			productRefGroup = 1083621C1B8E761F00C46765 /* Products */;
			projectDirPath = "";
			projectRoot = "";
			targets = (
				1083621A1B8E761F00C46765 /* RangeSlider */,
			);
		};
/* End PBXProject section */

/* Begin PBXResourcesBuildPhase section */
		108362191B8E761F00C46765 /* Resources */ = {
			isa = PBXResourcesBuildPhase;
			buildActionMask = 2147483647;
			files = (
				108362291B8E761F00C46765 /* LaunchScreen.storyboard in Resources */,
				108362261B8E761F00C46765 /* Assets.xcassets in Resources */,
				108362241B8E761F00C46765 /* Main.storyboard in Resources */,
			);
			runOnlyForDeploymentPostprocessing = 0;
		};
/* End PBXResourcesBuildPhase section */

/* Begin PBXSourcesBuildPhase section */
		108362171B8E761F00C46765 /* Sources */ = {
			isa = PBXSourcesBuildPhase;
			buildActionMask = 2147483647;
			files = (
				108362211B8E761F00C46765 /* ViewController.swift in Sources */,
				1083621F1B8E761F00C46765 /* AppDelegate.swift in Sources */,
				108362341B8E835100C46765 /* RangeSlider.swift in Sources */,
			);
			runOnlyForDeploymentPostprocessing = 0;
		};
/* End PBXSourcesBuildPhase section */

/* Begin PBXVariantGroup section */
		108362221B8E761F00C46765 /* Main.storyboard */ = {
			isa = PBXVariantGroup;
			children = (
				108362231B8E761F00C46765 /* Base */,
			);
			name = Main.storyboard;
			sourceTree = "<group>";
		};
		108362271B8E761F00C46765 /* LaunchScreen.storyboard */ = {
			isa = PBXVariantGroup;
			children = (
				108362281B8E761F00C46765 /* Base */,
			);
			name = LaunchScreen.storyboard;
			sourceTree = "<group>";
		};
/* End PBXVariantGroup section */

/* Begin XCBuildConfiguration section */
		1083622B1B8E761F00C46765 /* Debug */ = {
			isa = XCBuildConfiguration;
			buildSettings = {
				ALWAYS_SEARCH_USER_PATHS = NO;
				CLANG_CXX_LANGUAGE_STANDARD = "gnu++0x";
				CLANG_CXX_LIBRARY = "libc++";
				CLANG_ENABLE_MODULES = YES;
				CLANG_ENABLE_OBJC_ARC = YES;
				CLANG_WARN_BOOL_CONVERSION = YES;
				CLANG_WARN_CONSTANT_CONVERSION = YES;
				CLANG_WARN_DIRECT_OBJC_ISA_USAGE = YES_ERROR;
				CLANG_WARN_EMPTY_BODY = YES;
				CLANG_WARN_ENUM_CONVERSION = YES;
				CLANG_WARN_INT_CONVERSION = YES;
				CLANG_WARN_OBJC_ROOT_CLASS = YES_ERROR;
				CLANG_WARN_UNREACHABLE_CODE = YES;
				CLANG_WARN__DUPLICATE_METHOD_MATCH = YES;
				"CODE_SIGN_IDENTITY[sdk=iphoneos*]" = "iPhone Developer";
				COPY_PHASE_STRIP = NO;
				DEBUG_INFORMATION_FORMAT = dwarf;
				ENABLE_STRICT_OBJC_MSGSEND = YES;
				ENABLE_TESTABILITY = YES;
				GCC_C_LANGUAGE_STANDARD = gnu99;
				GCC_DYNAMIC_NO_PIC = NO;
				GCC_NO_COMMON_BLOCKS = YES;
				GCC_OPTIMIZATION_LEVEL = 0;
				GCC_PREPROCESSOR_DEFINITIONS = (
					"DEBUG=1",
					"$(inherited)",
				);
				GCC_WARN_64_TO_32_BIT_CONVERSION = YES;
				GCC_WARN_ABOUT_RETURN_TYPE = YES_ERROR;
				GCC_WARN_UNDECLARED_SELECTOR = YES;
				GCC_WARN_UNINITIALIZED_AUTOS = YES_AGGRESSIVE;
				GCC_WARN_UNUSED_FUNCTION = YES;
				GCC_WARN_UNUSED_VARIABLE = YES;
				IPHONEOS_DEPLOYMENT_TARGET = 9.0;
				MTL_ENABLE_DEBUG_INFO = YES;
				ONLY_ACTIVE_ARCH = YES;
				SDKROOT = iphoneos;
				SWIFT_OPTIMIZATION_LEVEL = "-Onone";
				TARGETED_DEVICE_FAMILY = 2;
			};
			name = Debug;
		};
		1083622C1B8E761F00C46765 /* Release */ = {
			isa = XCBuildConfiguration;
			buildSettings = {
				ALWAYS_SEARCH_USER_PATHS = NO;
				CLANG_CXX_LANGUAGE_STANDARD = "gnu++0x";
				CLANG_CXX_LIBRARY = "libc++";
				CLANG_ENABLE_MODULES = YES;
				CLANG_ENABLE_OBJC_ARC = YES;
				CLANG_WARN_BOOL_CONVERSION = YES;
				CLANG_WARN_CONSTANT_CONVERSION = YES;
				CLANG_WARN_DIRECT_OBJC_ISA_USAGE = YES_ERROR;
				CLANG_WARN_EMPTY_BODY = YES;
				CLANG_WARN_ENUM_CONVERSION = YES;
				CLANG_WARN_INT_CONVERSION = YES;
				CLANG_WARN_OBJC_ROOT_CLASS = YES_ERROR;
				CLANG_WARN_UNREACHABLE_CODE = YES;
				CLANG_WARN__DUPLICATE_METHOD_MATCH = YES;
				"CODE_SIGN_IDENTITY[sdk=iphoneos*]" = "iPhone Developer";
				COPY_PHASE_STRIP = NO;
				DEBUG_INFORMATION_FORMAT = "dwarf-with-dsym";
				ENABLE_NS_ASSERTIONS = NO;
				ENABLE_STRICT_OBJC_MSGSEND = YES;
				GCC_C_LANGUAGE_STANDARD = gnu99;
				GCC_NO_COMMON_BLOCKS = YES;
				GCC_WARN_64_TO_32_BIT_CONVERSION = YES;
				GCC_WARN_ABOUT_RETURN_TYPE = YES_ERROR;
				GCC_WARN_UNDECLARED_SELECTOR = YES;
				GCC_WARN_UNINITIALIZED_AUTOS = YES_AGGRESSIVE;
				GCC_WARN_UNUSED_FUNCTION = YES;
				GCC_WARN_UNUSED_VARIABLE = YES;
				IPHONEOS_DEPLOYMENT_TARGET = 9.0;
				MTL_ENABLE_DEBUG_INFO = NO;
				SDKROOT = iphoneos;
				TARGETED_DEVICE_FAMILY = 2;
				VALIDATE_PRODUCT = YES;
			};
			name = Release;
		};
		1083622E1B8E761F00C46765 /* Debug */ = {
			isa = XCBuildConfiguration;
			buildSettings = {
				ASSETCATALOG_COMPILER_APPICON_NAME = AppIcon;
				INFOPLIST_FILE = RangeSlider/Info.plist;
				IPHONEOS_DEPLOYMENT_TARGET = 8.1;
				LD_RUNPATH_SEARCH_PATHS = "$(inherited) @executable_path/Frameworks";
				PRODUCT_BUNDLE_IDENTIFIER = me.lige.RangeSlider;
				PRODUCT_NAME = "$(TARGET_NAME)";
			};
			name = Debug;
		};
		1083622F1B8E761F00C46765 /* Release */ = {
			isa = XCBuildConfiguration;
			buildSettings = {
				ASSETCATALOG_COMPILER_APPICON_NAME = AppIcon;
				INFOPLIST_FILE = RangeSlider/Info.plist;
				IPHONEOS_DEPLOYMENT_TARGET = 8.1;
				LD_RUNPATH_SEARCH_PATHS = "$(inherited) @executable_path/Frameworks";
				PRODUCT_BUNDLE_IDENTIFIER = me.lige.RangeSlider;
				PRODUCT_NAME = "$(TARGET_NAME)";
			};
			name = Release;
		};
/* End XCBuildConfiguration section */

/* Begin XCConfigurationList section */
		108362161B8E761F00C46765 /* Build configuration list for PBXProject "RangeSlider" */ = {
			isa = XCConfigurationList;
			buildConfigurations = (
				1083622B1B8E761F00C46765 /* Debug */,
				1083622C1B8E761F00C46765 /* Release */,
			);
			defaultConfigurationIsVisible = 0;
			defaultConfigurationName = Release;
		};
		1083622D1B8E761F00C46765 /* Build configuration list for PBXNativeTarget "RangeSlider" */ = {
			isa = XCConfigurationList;
			buildConfigurations = (
				1083622E1B8E761F00C46765 /* Debug */,
				1083622F1B8E761F00C46765 /* Release */,
			);
			defaultConfigurationIsVisible = 0;
			defaultConfigurationName = Release;
		};
/* End XCConfigurationList section */
	};
	rootObject = 108362131B8E761F00C46765 /* Project object */;
}
